
Microsoft Visual Studio Solution File, Format Version 12.00
# Visual Studio Version 16
VisualStudioVersion = 16.0.30907.101
MinimumVisualStudioVersion = 10.0.40219.1
Project("{888888A0-9F3D-457C-B088-3A5042F75D52}") = "sd_test", "sd_test\sd_test.pyproj", "{68667BE2-868A-4CE2-AF2D-F110712941EB}"
EndProject
Global
	GlobalSection(SolutionConfigurationPlatforms) = preSolution
		Debug|Any CPU = Debug|Any CPU
		Release|Any CPU = Release|Any CPU
	EndGlobalSection
	GlobalSection(ProjectConfigurationPlatforms) = postSolution
		{68667BE2-868A-4CE2-AF2D-F110712941EB}.Debug|Any CPU.ActiveCfg = Debug|Any CPU
		{68667BE2-868A-4CE2-AF2D-F110712941EB}.Release|Any CPU.ActiveCfg = Release|Any CPU
	EndGlobalSection
	GlobalSection(SolutionProperties) = preSolution
		HideSolutionNode = FALSE
	EndGlobalSection
	GlobalSection(ExtensibilityGlobals) = postSolution
		SolutionGuid = {C8F553AA-BC91-473C-A116-112BF04B05DF}
	EndGlobalSection
EndGlobal
